// !$*UTF8*$!
{
	archiveVersion = 1;
	classes = {
	};
	objectVersion = 56;
	objects = {

/* Begin PBXBuildFile section */
		15E684FA79DE9B5445AB0875 /* Pods_NetflixClone.framework in Frameworks */ = {isa = PBXBuildFile; fileRef = E88CA2A501297FDB15F789BB /* Pods_NetflixClone.framework */; };
		4A1307F22A5C36C200E9BB81 /* AppDelegate.swift in Sources */ = {isa = PBXBuildFile; fileRef = 4A1307F12A5C36C200E9BB81 /* AppDelegate.swift */; };
		4A1307F42A5C36C200E9BB81 /* SceneDelegate.swift in Sources */ = {isa = PBXBuildFile; fileRef = 4A1307F32A5C36C200E9BB81 /* SceneDelegate.swift */; };
		4A1307F62A5C36C200E9BB81 /* MainTabBarViewController.swift in Sources */ = {isa = PBXBuildFile; fileRef = 4A1307F52A5C36C200E9BB81 /* MainTabBarViewController.swift */; };
		4A1307FB2A5C36C400E9BB81 /* Assets.xcassets in Resources */ = {isa = PBXBuildFile; fileRef = 4A1307FA2A5C36C400E9BB81 /* Assets.xcassets */; };
		4A1307FE2A5C36C400E9BB81 /* LaunchScreen.storyboard in Resources */ = {isa = PBXBuildFile; fileRef = 4A1307FC2A5C36C400E9BB81 /* LaunchScreen.storyboard */; };
		4A1308072A5C3EE200E9BB81 /* HomeViewController.swift in Sources */ = {isa = PBXBuildFile; fileRef = 4A1308062A5C3EE200E9BB81 /* HomeViewController.swift */; };
		4A1308092A5C3EED00E9BB81 /* UpcomingViewController.swift in Sources */ = {isa = PBXBuildFile; fileRef = 4A1308082A5C3EED00E9BB81 /* UpcomingViewController.swift */; };
		4A13080B2A5C3EFB00E9BB81 /* SearchViewController.swift in Sources */ = {isa = PBXBuildFile; fileRef = 4A13080A2A5C3EFB00E9BB81 /* SearchViewController.swift */; };
		4A13080D2A5C3F0800E9BB81 /* DownloadsViewController.swift in Sources */ = {isa = PBXBuildFile; fileRef = 4A13080C2A5C3F0800E9BB81 /* DownloadsViewController.swift */; };
		4A1308142A5C4EFF00E9BB81 /* CollectionViewTableViewCell.swift in Sources */ = {isa = PBXBuildFile; fileRef = 4A1308132A5C4EFF00E9BB81 /* CollectionViewTableViewCell.swift */; };
		4A1308162A5C687200E9BB81 /* HeroHeaderView.swift in Sources */ = {isa = PBXBuildFile; fileRef = 4A1308152A5C687200E9BB81 /* HeroHeaderView.swift */; };
		4A1308192A5D603800E9BB81 /* APICaller.swift in Sources */ = {isa = PBXBuildFile; fileRef = 4A1308182A5D603800E9BB81 /* APICaller.swift */; };
		4A13081C2A5D663600E9BB81 /* Movie.swift in Sources */ = {isa = PBXBuildFile; fileRef = 4A13081B2A5D663600E9BB81 /* Movie.swift */; };
		4A1308222A5DDE7F00E9BB81 /* TitleCollectionViewCell.swift in Sources */ = {isa = PBXBuildFile; fileRef = 4A1308212A5DDE7F00E9BB81 /* TitleCollectionViewCell.swift */; };
		4A17F0492A5DFC4B00411309 /* HomeViewModel.swift in Sources */ = {isa = PBXBuildFile; fileRef = 4A17F0482A5DFC4B00411309 /* HomeViewModel.swift */; };
		4A6FFFA22A5ED80B00DF9996 /* UpcomingViewModel.swift in Sources */ = {isa = PBXBuildFile; fileRef = 4A6FFFA12A5ED80B00DF9996 /* UpcomingViewModel.swift */; };
		4A6FFFA52A5EDF8000DF9996 /* UpcomingTableViewCell.swift in Sources */ = {isa = PBXBuildFile; fileRef = 4A6FFFA42A5EDF8000DF9996 /* UpcomingTableViewCell.swift */; };
		4A6FFFA82A5EE3AE00DF9996 /* UpcomingUIModel.swift in Sources */ = {isa = PBXBuildFile; fileRef = 4A6FFFA72A5EE3AE00DF9996 /* UpcomingUIModel.swift */; };
		4A6FFFAB2A615E6D00DF9996 /* SearchViewModel.swift in Sources */ = {isa = PBXBuildFile; fileRef = 4A6FFFAA2A615E6D00DF9996 /* SearchViewModel.swift */; };
		4A6FFFAD2A61610F00DF9996 /* SearchResultViewController.swift in Sources */ = {isa = PBXBuildFile; fileRef = 4A6FFFAC2A61610F00DF9996 /* SearchResultViewController.swift */; };
/* End PBXBuildFile section */

/* Begin PBXFileReference section */
		46B3C78333BCF74030440B85 /* Pods-NetflixClone.release.xcconfig */ = {isa = PBXFileReference; includeInIndex = 1; lastKnownFileType = text.xcconfig; name = "Pods-NetflixClone.release.xcconfig"; path = "Target Support Files/Pods-NetflixClone/Pods-NetflixClone.release.xcconfig"; sourceTree = "<group>"; };
		4A1307EE2A5C36C200E9BB81 /* NetflixClone.app */ = {isa = PBXFileReference; explicitFileType = wrapper.application; includeInIndex = 0; path = NetflixClone.app; sourceTree = BUILT_PRODUCTS_DIR; };
		4A1307F12A5C36C200E9BB81 /* AppDelegate.swift */ = {isa = PBXFileReference; lastKnownFileType = sourcecode.swift; path = AppDelegate.swift; sourceTree = "<group>"; };
		4A1307F32A5C36C200E9BB81 /* SceneDelegate.swift */ = {isa = PBXFileReference; lastKnownFileType = sourcecode.swift; path = SceneDelegate.swift; sourceTree = "<group>"; };
		4A1307F52A5C36C200E9BB81 /* MainTabBarViewController.swift */ = {isa = PBXFileReference; lastKnownFileType = sourcecode.swift; path = MainTabBarViewController.swift; sourceTree = "<group>"; };
		4A1307FA2A5C36C400E9BB81 /* Assets.xcassets */ = {isa = PBXFileReference; lastKnownFileType = folder.assetcatalog; path = Assets.xcassets; sourceTree = "<group>"; };
		4A1307FD2A5C36C400E9BB81 /* Base */ = {isa = PBXFileReference; lastKnownFileType = file.storyboard; name = Base; path = Base.lproj/LaunchScreen.storyboard; sourceTree = "<group>"; };
		4A1307FF2A5C36C400E9BB81 /* Info.plist */ = {isa = PBXFileReference; lastKnownFileType = text.plist.xml; path = Info.plist; sourceTree = "<group>"; };
		4A1308062A5C3EE200E9BB81 /* HomeViewController.swift */ = {isa = PBXFileReference; lastKnownFileType = sourcecode.swift; path = HomeViewController.swift; sourceTree = "<group>"; };
		4A1308082A5C3EED00E9BB81 /* UpcomingViewController.swift */ = {isa = PBXFileReference; lastKnownFileType = sourcecode.swift; path = UpcomingViewController.swift; sourceTree = "<group>"; };
		4A13080A2A5C3EFB00E9BB81 /* SearchViewController.swift */ = {isa = PBXFileReference; lastKnownFileType = sourcecode.swift; path = SearchViewController.swift; sourceTree = "<group>"; };
		4A13080C2A5C3F0800E9BB81 /* DownloadsViewController.swift */ = {isa = PBXFileReference; lastKnownFileType = sourcecode.swift; path = DownloadsViewController.swift; sourceTree = "<group>"; };
		4A1308132A5C4EFF00E9BB81 /* CollectionViewTableViewCell.swift */ = {isa = PBXFileReference; lastKnownFileType = sourcecode.swift; path = CollectionViewTableViewCell.swift; sourceTree = "<group>"; };
		4A1308152A5C687200E9BB81 /* HeroHeaderView.swift */ = {isa = PBXFileReference; lastKnownFileType = sourcecode.swift; path = HeroHeaderView.swift; sourceTree = "<group>"; };
		4A1308182A5D603800E9BB81 /* APICaller.swift */ = {isa = PBXFileReference; lastKnownFileType = sourcecode.swift; path = APICaller.swift; sourceTree = "<group>"; };
		4A13081B2A5D663600E9BB81 /* Movie.swift */ = {isa = PBXFileReference; lastKnownFileType = sourcecode.swift; path = Movie.swift; sourceTree = "<group>"; };
		4A1308212A5DDE7F00E9BB81 /* TitleCollectionViewCell.swift */ = {isa = PBXFileReference; lastKnownFileType = sourcecode.swift; path = TitleCollectionViewCell.swift; sourceTree = "<group>"; };
		4A17F0482A5DFC4B00411309 /* HomeViewModel.swift */ = {isa = PBXFileReference; lastKnownFileType = sourcecode.swift; path = HomeViewModel.swift; sourceTree = "<group>"; };
		4A6FFFA12A5ED80B00DF9996 /* UpcomingViewModel.swift */ = {isa = PBXFileReference; lastKnownFileType = sourcecode.swift; path = UpcomingViewModel.swift; sourceTree = "<group>"; };
		4A6FFFA42A5EDF8000DF9996 /* UpcomingTableViewCell.swift */ = {isa = PBXFileReference; lastKnownFileType = sourcecode.swift; path = UpcomingTableViewCell.swift; sourceTree = "<group>"; };
		4A6FFFA72A5EE3AE00DF9996 /* UpcomingUIModel.swift */ = {isa = PBXFileReference; lastKnownFileType = sourcecode.swift; path = UpcomingUIModel.swift; sourceTree = "<group>"; };
		4A6FFFAA2A615E6D00DF9996 /* SearchViewModel.swift */ = {isa = PBXFileReference; lastKnownFileType = sourcecode.swift; path = SearchViewModel.swift; sourceTree = "<group>"; };
		4A6FFFAC2A61610F00DF9996 /* SearchResultViewController.swift */ = {isa = PBXFileReference; lastKnownFileType = sourcecode.swift; path = SearchResultViewController.swift; sourceTree = "<group>"; };
		9D05C5D603E8837355C47C30 /* Pods-NetflixClone.debug.xcconfig */ = {isa = PBXFileReference; includeInIndex = 1; lastKnownFileType = text.xcconfig; name = "Pods-NetflixClone.debug.xcconfig"; path = "Target Support Files/Pods-NetflixClone/Pods-NetflixClone.debug.xcconfig"; sourceTree = "<group>"; };
		E88CA2A501297FDB15F789BB /* Pods_NetflixClone.framework */ = {isa = PBXFileReference; explicitFileType = wrapper.framework; includeInIndex = 0; path = Pods_NetflixClone.framework; sourceTree = BUILT_PRODUCTS_DIR; };
/* End PBXFileReference section */

/* Begin PBXFrameworksBuildPhase section */
		4A1307EB2A5C36C200E9BB81 /* Frameworks */ = {
			isa = PBXFrameworksBuildPhase;
			buildActionMask = 2147483647;
			files = (
				15E684FA79DE9B5445AB0875 /* Pods_NetflixClone.framework in Frameworks */,
			);
			runOnlyForDeploymentPostprocessing = 0;
		};
/* End PBXFrameworksBuildPhase section */

/* Begin PBXGroup section */
		33CC80AF7E025D6ED4048B87 /* Pods */ = {
			isa = PBXGroup;
			children = (
				9D05C5D603E8837355C47C30 /* Pods-NetflixClone.debug.xcconfig */,
				46B3C78333BCF74030440B85 /* Pods-NetflixClone.release.xcconfig */,
			);
			path = Pods;
			sourceTree = "<group>";
		};
		4105F35A8C4A6B45F39967F0 /* Frameworks */ = {
			isa = PBXGroup;
			children = (
				E88CA2A501297FDB15F789BB /* Pods_NetflixClone.framework */,
			);
			name = Frameworks;
			sourceTree = "<group>";
		};
		4A1307E52A5C36C200E9BB81 = {
			isa = PBXGroup;
			children = (
				4A1307F02A5C36C200E9BB81 /* NetflixClone */,
				4A1307EF2A5C36C200E9BB81 /* Products */,
				33CC80AF7E025D6ED4048B87 /* Pods */,
				4105F35A8C4A6B45F39967F0 /* Frameworks */,
			);
			sourceTree = "<group>";
		};
		4A1307EF2A5C36C200E9BB81 /* Products */ = {
			isa = PBXGroup;
			children = (
				4A1307EE2A5C36C200E9BB81 /* NetflixClone.app */,
			);
			name = Products;
			sourceTree = "<group>";
		};
		4A1307F02A5C36C200E9BB81 /* NetflixClone */ = {
			isa = PBXGroup;
			children = (
				4A1308122A5C4EA300E9BB81 /* Managers */,
				4A1308112A5C4E9E00E9BB81 /* Resources */,
				4A1308102A5C4E9700E9BB81 /* Models */,
				4A13080E2A5C4E7C00E9BB81 /* Views */,
				4A13080F2A5C4E8100E9BB81 /* ViewModels */,
				4A1308052A5C3ECC00E9BB81 /* Controllers */,
				4A1307FC2A5C36C400E9BB81 /* LaunchScreen.storyboard */,
				4A1307FF2A5C36C400E9BB81 /* Info.plist */,
			);
			path = NetflixClone;
			sourceTree = "<group>";
		};
		4A1308052A5C3ECC00E9BB81 /* Controllers */ = {
			isa = PBXGroup;
			children = (
				4A6FFF9E2A5ED7BF00DF9996 /* Core */,
				4A6FFF9F2A5ED7C600DF9996 /* Other */,
			);
			path = Controllers;
			sourceTree = "<group>";
		};
		4A13080E2A5C4E7C00E9BB81 /* Views */ = {
			isa = PBXGroup;
			children = (
				4A6FFFA32A5EDF6C00DF9996 /* Upcoming */,
				4A1308202A5DDE6900E9BB81 /* Home */,
			);
			path = Views;
			sourceTree = "<group>";
		};
		4A13080F2A5C4E8100E9BB81 /* ViewModels */ = {
			isa = PBXGroup;
			children = (
				4A6FFFA92A615D9F00DF9996 /* Search */,
				4A6FFFA02A5ED80000DF9996 /* Upcoming */,
				4A17F0472A5DFC3B00411309 /* Home */,
			);
			path = ViewModels;
			sourceTree = "<group>";
		};
		4A1308102A5C4E9700E9BB81 /* Models */ = {
			isa = PBXGroup;
			children = (
				4A6FFFA62A5EE38300DF9996 /* Upcoming */,
				4A13081A2A5D662D00E9BB81 /* Movie */,
			);
			path = Models;
			sourceTree = "<group>";
		};
		4A1308112A5C4E9E00E9BB81 /* Resources */ = {
			isa = PBXGroup;
			children = (
				4A1307F12A5C36C200E9BB81 /* AppDelegate.swift */,
				4A1307F32A5C36C200E9BB81 /* SceneDelegate.swift */,
				4A1307FA2A5C36C400E9BB81 /* Assets.xcassets */,
			);
			path = Resources;
			sourceTree = "<group>";
		};
		4A1308122A5C4EA300E9BB81 /* Managers */ = {
			isa = PBXGroup;
			children = (
				4A1308172A5D602A00E9BB81 /* Networking */,
			);
			path = Managers;
			sourceTree = "<group>";
		};
		4A1308172A5D602A00E9BB81 /* Networking */ = {
			isa = PBXGroup;
			children = (
				4A1308182A5D603800E9BB81 /* APICaller.swift */,
			);
			path = Networking;
			sourceTree = "<group>";
		};
		4A13081A2A5D662D00E9BB81 /* Movie */ = {
			isa = PBXGroup;
			children = (
				4A13081B2A5D663600E9BB81 /* Movie.swift */,
			);
			path = Movie;
			sourceTree = "<group>";
		};
		4A1308202A5DDE6900E9BB81 /* Home */ = {
			isa = PBXGroup;
			children = (
				4A1308132A5C4EFF00E9BB81 /* CollectionViewTableViewCell.swift */,
				4A1308152A5C687200E9BB81 /* HeroHeaderView.swift */,
				4A1308212A5DDE7F00E9BB81 /* TitleCollectionViewCell.swift */,
			);
			path = Home;
			sourceTree = "<group>";
		};
		4A17F0472A5DFC3B00411309 /* Home */ = {
			isa = PBXGroup;
			children = (
				4A17F0482A5DFC4B00411309 /* HomeViewModel.swift */,
			);
			path = Home;
			sourceTree = "<group>";
		};
		4A6FFF9E2A5ED7BF00DF9996 /* Core */ = {
			isa = PBXGroup;
			children = (
				4A1307F52A5C36C200E9BB81 /* MainTabBarViewController.swift */,
				4A1308062A5C3EE200E9BB81 /* HomeViewController.swift */,
				4A1308082A5C3EED00E9BB81 /* UpcomingViewController.swift */,
				4A13080A2A5C3EFB00E9BB81 /* SearchViewController.swift */,
				4A13080C2A5C3F0800E9BB81 /* DownloadsViewController.swift */,
			);
			path = Core;
			sourceTree = "<group>";
		};
		4A6FFF9F2A5ED7C600DF9996 /* Other */ = {
			isa = PBXGroup;
			children = (
				4A6FFFAC2A61610F00DF9996 /* SearchResultViewController.swift */,
			);
			path = Other;
			sourceTree = "<group>";
		};
		4A6FFFA02A5ED80000DF9996 /* Upcoming */ = {
			isa = PBXGroup;
			children = (
				4A6FFFA12A5ED80B00DF9996 /* UpcomingViewModel.swift */,
			);
			path = Upcoming;
			sourceTree = "<group>";
		};
		4A6FFFA32A5EDF6C00DF9996 /* Upcoming */ = {
			isa = PBXGroup;
			children = (
				4A6FFFA42A5EDF8000DF9996 /* UpcomingTableViewCell.swift */,
			);
			path = Upcoming;
			sourceTree = "<group>";
		};
		4A6FFFA62A5EE38300DF9996 /* Upcoming */ = {
			isa = PBXGroup;
			children = (
				4A6FFFA72A5EE3AE00DF9996 /* UpcomingUIModel.swift */,
			);
			path = Upcoming;
			sourceTree = "<group>";
		};
		4A6FFFA92A615D9F00DF9996 /* Search */ = {
			isa = PBXGroup;
			children = (
				4A6FFFAA2A615E6D00DF9996 /* SearchViewModel.swift */,
			);
			path = Search;
			sourceTree = "<group>";
		};
/* End PBXGroup section */

/* Begin PBXNativeTarget section */
		4A1307ED2A5C36C200E9BB81 /* NetflixClone */ = {
			isa = PBXNativeTarget;
			buildConfigurationList = 4A1308022A5C36C400E9BB81 /* Build configuration list for PBXNativeTarget "NetflixClone" */;
			buildPhases = (
				8A8D75D38B1D6D93D7AB949F /* [CP] Check Pods Manifest.lock */,
				4A1307EA2A5C36C200E9BB81 /* Sources */,
				4A1307EB2A5C36C200E9BB81 /* Frameworks */,
				4A1307EC2A5C36C200E9BB81 /* Resources */,
				01FBD1A20C44D18D79B3B6B9 /* [CP] Embed Pods Frameworks */,
			);
			buildRules = (
			);
			dependencies = (
			);
			name = NetflixClone;
			productName = NetflixClone;
			productReference = 4A1307EE2A5C36C200E9BB81 /* NetflixClone.app */;
			productType = "com.apple.product-type.application";
		};
/* End PBXNativeTarget section */

/* Begin PBXProject section */
		4A1307E62A5C36C200E9BB81 /* Project object */ = {
			isa = PBXProject;
			attributes = {
				BuildIndependentTargetsInParallel = 1;
				LastSwiftUpdateCheck = 1430;
				LastUpgradeCheck = 1430;
				TargetAttributes = {
					4A1307ED2A5C36C200E9BB81 = {
						CreatedOnToolsVersion = 14.3.1;
					};
				};
			};
			buildConfigurationList = 4A1307E92A5C36C200E9BB81 /* Build configuration list for PBXProject "NetflixClone" */;
			compatibilityVersion = "Xcode 14.0";
			developmentRegion = en;
			hasScannedForEncodings = 0;
			knownRegions = (
				en,
				Base,
			);
			mainGroup = 4A1307E52A5C36C200E9BB81;
			productRefGroup = 4A1307EF2A5C36C200E9BB81 /* Products */;
			projectDirPath = "";
			projectRoot = "";
			targets = (
				4A1307ED2A5C36C200E9BB81 /* NetflixClone */,
			);
		};
/* End PBXProject section */

/* Begin PBXResourcesBuildPhase section */
		4A1307EC2A5C36C200E9BB81 /* Resources */ = {
			isa = PBXResourcesBuildPhase;
			buildActionMask = 2147483647;
			files = (
				4A1307FE2A5C36C400E9BB81 /* LaunchScreen.storyboard in Resources */,
				4A1307FB2A5C36C400E9BB81 /* Assets.xcassets in Resources */,
			);
			runOnlyForDeploymentPostprocessing = 0;
		};
/* End PBXResourcesBuildPhase section */

/* Begin PBXShellScriptBuildPhase section */
		01FBD1A20C44D18D79B3B6B9 /* [CP] Embed Pods Frameworks */ = {
			isa = PBXShellScriptBuildPhase;
			buildActionMask = 2147483647;
			files = (
			);
			inputFileListPaths = (
				"${PODS_ROOT}/Target Support Files/Pods-NetflixClone/Pods-NetflixClone-frameworks-${CONFIGURATION}-input-files.xcfilelist",
			);
			name = "[CP] Embed Pods Frameworks";
			outputFileListPaths = (
				"${PODS_ROOT}/Target Support Files/Pods-NetflixClone/Pods-NetflixClone-frameworks-${CONFIGURATION}-output-files.xcfilelist",
			);
			runOnlyForDeploymentPostprocessing = 0;
			shellPath = /bin/sh;
			shellScript = "\"${PODS_ROOT}/Target Support Files/Pods-NetflixClone/Pods-NetflixClone-frameworks.sh\"\n";
			showEnvVarsInLog = 0;
		};
		8A8D75D38B1D6D93D7AB949F /* [CP] Check Pods Manifest.lock */ = {
			isa = PBXShellScriptBuildPhase;
			buildActionMask = 2147483647;
			files = (
			);
			inputFileListPaths = (
			);
			inputPaths = (
				"${PODS_PODFILE_DIR_PATH}/Podfile.lock",
				"${PODS_ROOT}/Manifest.lock",
			);
			name = "[CP] Check Pods Manifest.lock";
			outputFileListPaths = (
			);
			outputPaths = (
				"$(DERIVED_FILE_DIR)/Pods-NetflixClone-checkManifestLockResult.txt",
			);
			runOnlyForDeploymentPostprocessing = 0;
			shellPath = /bin/sh;
			shellScript = "diff \"${PODS_PODFILE_DIR_PATH}/Podfile.lock\" \"${PODS_ROOT}/Manifest.lock\" > /dev/null\nif [ $? != 0 ] ; then\n    # print error to STDERR\n    echo \"error: The sandbox is not in sync with the Podfile.lock. Run 'pod install' or update your CocoaPods installation.\" >&2\n    exit 1\nfi\n# This output is used by Xcode 'outputs' to avoid re-running this script phase.\necho \"SUCCESS\" > \"${SCRIPT_OUTPUT_FILE_0}\"\n";
			showEnvVarsInLog = 0;
		};
/* End PBXShellScriptBuildPhase section */

/* Begin PBXSourcesBuildPhase section */
		4A1307EA2A5C36C200E9BB81 /* Sources */ = {
			isa = PBXSourcesBuildPhase;
			buildActionMask = 2147483647;
			files = (
				4A13080B2A5C3EFB00E9BB81 /* SearchViewController.swift in Sources */,
				4A6FFFA82A5EE3AE00DF9996 /* UpcomingUIModel.swift in Sources */,
				4A1307F62A5C36C200E9BB81 /* MainTabBarViewController.swift in Sources */,
				4A6FFFA22A5ED80B00DF9996 /* UpcomingViewModel.swift in Sources */,
				4A1308142A5C4EFF00E9BB81 /* CollectionViewTableViewCell.swift in Sources */,
				4A1308192A5D603800E9BB81 /* APICaller.swift in Sources */,
				4A13080D2A5C3F0800E9BB81 /* DownloadsViewController.swift in Sources */,
				4A1308162A5C687200E9BB81 /* HeroHeaderView.swift in Sources */,
				4A6FFFA52A5EDF8000DF9996 /* UpcomingTableViewCell.swift in Sources */,
				4A1307F22A5C36C200E9BB81 /* AppDelegate.swift in Sources */,
				4A6FFFAD2A61610F00DF9996 /* SearchResultViewController.swift in Sources */,
				4A1307F42A5C36C200E9BB81 /* SceneDelegate.swift in Sources */,
				4A17F0492A5DFC4B00411309 /* HomeViewModel.swift in Sources */,
				4A1308092A5C3EED00E9BB81 /* UpcomingViewController.swift in Sources */,
				4A1308222A5DDE7F00E9BB81 /* TitleCollectionViewCell.swift in Sources */,
				4A6FFFAB2A615E6D00DF9996 /* SearchViewModel.swift in Sources */,
				4A13081C2A5D663600E9BB81 /* Movie.swift in Sources */,
				4A1308072A5C3EE200E9BB81 /* HomeViewController.swift in Sources */,
			);
			runOnlyForDeploymentPostprocessing = 0;
		};
/* End PBXSourcesBuildPhase section */

/* Begin PBXVariantGroup section */
		4A1307FC2A5C36C400E9BB81 /* LaunchScreen.storyboard */ = {
			isa = PBXVariantGroup;
			children = (
				4A1307FD2A5C36C400E9BB81 /* Base */,
			);
			name = LaunchScreen.storyboard;
			sourceTree = "<group>";
		};
/* End PBXVariantGroup section */

/* Begin XCBuildConfiguration section */
		4A1308002A5C36C400E9BB81 /* Debug */ = {
			isa = XCBuildConfiguration;
			buildSettings = {
				ALWAYS_SEARCH_USER_PATHS = NO;
				CLANG_ANALYZER_NONNULL = YES;
				CLANG_ANALYZER_NUMBER_OBJECT_CONVERSION = YES_AGGRESSIVE;
				CLANG_CXX_LANGUAGE_STANDARD = "gnu++20";
				CLANG_ENABLE_MODULES = YES;
				CLANG_ENABLE_OBJC_ARC = YES;
				CLANG_ENABLE_OBJC_WEAK = YES;
				CLANG_WARN_BLOCK_CAPTURE_AUTORELEASING = YES;
				CLANG_WARN_BOOL_CONVERSION = YES;
				CLANG_WARN_COMMA = YES;
				CLANG_WARN_CONSTANT_CONVERSION = YES;
				CLANG_WARN_DEPRECATED_OBJC_IMPLEMENTATIONS = YES;
				CLANG_WARN_DIRECT_OBJC_ISA_USAGE = YES_ERROR;
				CLANG_WARN_DOCUMENTATION_COMMENTS = YES;
				CLANG_WARN_EMPTY_BODY = YES;
				CLANG_WARN_ENUM_CONVERSION = YES;
				CLANG_WARN_INFINITE_RECURSION = YES;
				CLANG_WARN_INT_CONVERSION = YES;
				CLANG_WARN_NON_LITERAL_NULL_CONVERSION = YES;
				CLANG_WARN_OBJC_IMPLICIT_RETAIN_SELF = YES;
				CLANG_WARN_OBJC_LITERAL_CONVERSION = YES;
				CLANG_WARN_OBJC_ROOT_CLASS = YES_ERROR;
				CLANG_WARN_QUOTED_INCLUDE_IN_FRAMEWORK_HEADER = YES;
				CLANG_WARN_RANGE_LOOP_ANALYSIS = YES;
				CLANG_WARN_STRICT_PROTOTYPES = YES;
				CLANG_WARN_SUSPICIOUS_MOVE = YES;
				CLANG_WARN_UNGUARDED_AVAILABILITY = YES_AGGRESSIVE;
				CLANG_WARN_UNREACHABLE_CODE = YES;
				CLANG_WARN__DUPLICATE_METHOD_MATCH = YES;
				COPY_PHASE_STRIP = NO;
				DEBUG_INFORMATION_FORMAT = dwarf;
				ENABLE_STRICT_OBJC_MSGSEND = YES;
				ENABLE_TESTABILITY = YES;
				GCC_C_LANGUAGE_STANDARD = gnu11;
				GCC_DYNAMIC_NO_PIC = NO;
				GCC_NO_COMMON_BLOCKS = YES;
				GCC_OPTIMIZATION_LEVEL = 0;
				GCC_PREPROCESSOR_DEFINITIONS = (
					"DEBUG=1",
					"$(inherited)",
				);
				GCC_WARN_64_TO_32_BIT_CONVERSION = YES;
				GCC_WARN_ABOUT_RETURN_TYPE = YES_ERROR;
				GCC_WARN_UNDECLARED_SELECTOR = YES;
				GCC_WARN_UNINITIALIZED_AUTOS = YES_AGGRESSIVE;
				GCC_WARN_UNUSED_FUNCTION = YES;
				GCC_WARN_UNUSED_VARIABLE = YES;
				IPHONEOS_DEPLOYMENT_TARGET = 16.4;
				MTL_ENABLE_DEBUG_INFO = INCLUDE_SOURCE;
				MTL_FAST_MATH = YES;
				ONLY_ACTIVE_ARCH = YES;
				SDKROOT = iphoneos;
				SWIFT_ACTIVE_COMPILATION_CONDITIONS = DEBUG;
				SWIFT_OPTIMIZATION_LEVEL = "-Onone";
			};
			name = Debug;
		};
		4A1308012A5C36C400E9BB81 /* Release */ = {
			isa = XCBuildConfiguration;
			buildSettings = {
				ALWAYS_SEARCH_USER_PATHS = NO;
				CLANG_ANALYZER_NONNULL = YES;
				CLANG_ANALYZER_NUMBER_OBJECT_CONVERSION = YES_AGGRESSIVE;
				CLANG_CXX_LANGUAGE_STANDARD = "gnu++20";
				CLANG_ENABLE_MODULES = YES;
				CLANG_ENABLE_OBJC_ARC = YES;
				CLANG_ENABLE_OBJC_WEAK = YES;
				CLANG_WARN_BLOCK_CAPTURE_AUTORELEASING = YES;
				CLANG_WARN_BOOL_CONVERSION = YES;
				CLANG_WARN_COMMA = YES;
				CLANG_WARN_CONSTANT_CONVERSION = YES;
				CLANG_WARN_DEPRECATED_OBJC_IMPLEMENTATIONS = YES;
				CLANG_WARN_DIRECT_OBJC_ISA_USAGE = YES_ERROR;
				CLANG_WARN_DOCUMENTATION_COMMENTS = YES;
				CLANG_WARN_EMPTY_BODY = YES;
				CLANG_WARN_ENUM_CONVERSION = YES;
				CLANG_WARN_INFINITE_RECURSION = YES;
				CLANG_WARN_INT_CONVERSION = YES;
				CLANG_WARN_NON_LITERAL_NULL_CONVERSION = YES;
				CLANG_WARN_OBJC_IMPLICIT_RETAIN_SELF = YES;
				CLANG_WARN_OBJC_LITERAL_CONVERSION = YES;
				CLANG_WARN_OBJC_ROOT_CLASS = YES_ERROR;
				CLANG_WARN_QUOTED_INCLUDE_IN_FRAMEWORK_HEADER = YES;
				CLANG_WARN_RANGE_LOOP_ANALYSIS = YES;
				CLANG_WARN_STRICT_PROTOTYPES = YES;
				CLANG_WARN_SUSPICIOUS_MOVE = YES;
				CLANG_WARN_UNGUARDED_AVAILABILITY = YES_AGGRESSIVE;
				CLANG_WARN_UNREACHABLE_CODE = YES;
				CLANG_WARN__DUPLICATE_METHOD_MATCH = YES;
				COPY_PHASE_STRIP = NO;
				DEBUG_INFORMATION_FORMAT = "dwarf-with-dsym";
				ENABLE_NS_ASSERTIONS = NO;
				ENABLE_STRICT_OBJC_MSGSEND = YES;
				GCC_C_LANGUAGE_STANDARD = gnu11;
				GCC_NO_COMMON_BLOCKS = YES;
				GCC_WARN_64_TO_32_BIT_CONVERSION = YES;
				GCC_WARN_ABOUT_RETURN_TYPE = YES_ERROR;
				GCC_WARN_UNDECLARED_SELECTOR = YES;
				GCC_WARN_UNINITIALIZED_AUTOS = YES_AGGRESSIVE;
				GCC_WARN_UNUSED_FUNCTION = YES;
				GCC_WARN_UNUSED_VARIABLE = YES;
				IPHONEOS_DEPLOYMENT_TARGET = 16.4;
				MTL_ENABLE_DEBUG_INFO = NO;
				MTL_FAST_MATH = YES;
				SDKROOT = iphoneos;
				SWIFT_COMPILATION_MODE = wholemodule;
				SWIFT_OPTIMIZATION_LEVEL = "-O";
				VALIDATE_PRODUCT = YES;
			};
			name = Release;
		};
		4A1308032A5C36C400E9BB81 /* Debug */ = {
			isa = XCBuildConfiguration;
			baseConfigurationReference = 9D05C5D603E8837355C47C30 /* Pods-NetflixClone.debug.xcconfig */;
			buildSettings = {
				ASSETCATALOG_COMPILER_APPICON_NAME = AppIcon;
				ASSETCATALOG_COMPILER_GLOBAL_ACCENT_COLOR_NAME = AccentColor;
				CODE_SIGN_STYLE = Automatic;
				CURRENT_PROJECT_VERSION = 1;
				DEVELOPMENT_TEAM = GGBN9Z4A4W;
				GENERATE_INFOPLIST_FILE = YES;
				INFOPLIST_FILE = NetflixClone/Info.plist;
				INFOPLIST_KEY_UIApplicationSupportsIndirectInputEvents = YES;
				INFOPLIST_KEY_UILaunchStoryboardName = LaunchScreen;
				INFOPLIST_KEY_UISupportedInterfaceOrientations_iPad = "UIInterfaceOrientationPortrait UIInterfaceOrientationPortraitUpsideDown UIInterfaceOrientationLandscapeLeft UIInterfaceOrientationLandscapeRight";
				INFOPLIST_KEY_UISupportedInterfaceOrientations_iPhone = "UIInterfaceOrientationPortrait UIInterfaceOrientationLandscapeLeft UIInterfaceOrientationLandscapeRight";
				LD_RUNPATH_SEARCH_PATHS = (
					"$(inherited)",
					"@executable_path/Frameworks",
				);
				MARKETING_VERSION = 1.0;
				PRODUCT_BUNDLE_IDENTIFIER = com.burakemregundes.NetflixClone;
				PRODUCT_NAME = "$(TARGET_NAME)";
				SWIFT_EMIT_LOC_STRINGS = YES;
				SWIFT_VERSION = 5.0;
				TARGETED_DEVICE_FAMILY = "1,2";
			};
			name = Debug;
		};
		4A1308042A5C36C400E9BB81 /* Release */ = {
			isa = XCBuildConfiguration;
			baseConfigurationReference = 46B3C78333BCF74030440B85 /* Pods-NetflixClone.release.xcconfig */;
			buildSettings = {
				ASSETCATALOG_COMPILER_APPICON_NAME = AppIcon;
				ASSETCATALOG_COMPILER_GLOBAL_ACCENT_COLOR_NAME = AccentColor;
				CODE_SIGN_STYLE = Automatic;
				CURRENT_PROJECT_VERSION = 1;
				DEVELOPMENT_TEAM = GGBN9Z4A4W;
				GENERATE_INFOPLIST_FILE = YES;
				INFOPLIST_FILE = NetflixClone/Info.plist;
				INFOPLIST_KEY_UIApplicationSupportsIndirectInputEvents = YES;
				INFOPLIST_KEY_UILaunchStoryboardName = LaunchScreen;
				INFOPLIST_KEY_UISupportedInterfaceOrientations_iPad = "UIInterfaceOrientationPortrait UIInterfaceOrientationPortraitUpsideDown UIInterfaceOrientationLandscapeLeft UIInterfaceOrientationLandscapeRight";
				INFOPLIST_KEY_UISupportedInterfaceOrientations_iPhone = "UIInterfaceOrientationPortrait UIInterfaceOrientationLandscapeLeft UIInterfaceOrientationLandscapeRight";
				LD_RUNPATH_SEARCH_PATHS = (
					"$(inherited)",
					"@executable_path/Frameworks",
				);
				MARKETING_VERSION = 1.0;
				PRODUCT_BUNDLE_IDENTIFIER = com.burakemregundes.NetflixClone;
				PRODUCT_NAME = "$(TARGET_NAME)";
				SWIFT_EMIT_LOC_STRINGS = YES;
				SWIFT_VERSION = 5.0;
				TARGETED_DEVICE_FAMILY = "1,2";
			};
			name = Release;
		};
/* End XCBuildConfiguration section */

/* Begin XCConfigurationList section */
		4A1307E92A5C36C200E9BB81 /* Build configuration list for PBXProject "NetflixClone" */ = {
			isa = XCConfigurationList;
			buildConfigurations = (
				4A1308002A5C36C400E9BB81 /* Debug */,
				4A1308012A5C36C400E9BB81 /* Release */,
			);
			defaultConfigurationIsVisible = 0;
			defaultConfigurationName = Release;
		};
		4A1308022A5C36C400E9BB81 /* Build configuration list for PBXNativeTarget "NetflixClone" */ = {
			isa = XCConfigurationList;
			buildConfigurations = (
				4A1308032A5C36C400E9BB81 /* Debug */,
				4A1308042A5C36C400E9BB81 /* Release */,
			);
			defaultConfigurationIsVisible = 0;
			defaultConfigurationName = Release;
		};
/* End XCConfigurationList section */
	};
	rootObject = 4A1307E62A5C36C200E9BB81 /* Project object */;
}
