PODS:
  - SDWebImage (5.16.0):
    - SDWebImage/Core (= 5.16.0)
  - SDWebImage/Core (5.16.0)

DEPENDENCIES:
  - SDWebImage

SPEC REPOS:
  trunk:
    - SDWebImage

SPEC CHECKSUMS:
  SDWebImage: 2aea163b50bfcb569a2726b6a754c54a4506fcf6

PODFILE CHECKSUM: 4d4faaee399450aa578e31f27854d3dae6c090e5

COCOAPODS: 1.11.3
